// !$*UTF8*$!
{
	archiveVersion = 1;
	classes = {
	};
	objectVersion = 46;
	objects = {

/* Begin PBXBuildFile section */
		700E46BF1AA4376000A5B750 /* AppDelegate.swift in Sources */ = {isa = PBXBuildFile; fileRef = 700E46BE1AA4376000A5B750 /* AppDelegate.swift */; };
		700E46C11AA4376000A5B750 /* ViewController.swift in Sources */ = {isa = PBXBuildFile; fileRef = 700E46C01AA4376000A5B750 /* ViewController.swift */; };
		700E46C41AA4376000A5B750 /* Main.storyboard in Resources */ = {isa = PBXBuildFile; fileRef = 700E46C21AA4376000A5B750 /* Main.storyboard */; };
		700E46C61AA4376000A5B750 /* Images.xcassets in Resources */ = {isa = PBXBuildFile; fileRef = 700E46C51AA4376000A5B750 /* Images.xcassets */; };
		700E46C91AA4376000A5B750 /* LaunchScreen.xib in Resources */ = {isa = PBXBuildFile; fileRef = 700E46C71AA4376000A5B750 /* LaunchScreen.xib */; };
		700E46D51AA4376000A5B750 /* vacation3thTests.swift in Sources */ = {isa = PBXBuildFile; fileRef = 700E46D41AA4376000A5B750 /* vacation3thTests.swift */; };
		700E46E11AA43BD400A5B750 /* AddVacationViewController.swift in Sources */ = {isa = PBXBuildFile; fileRef = 700E46E01AA43BD400A5B750 /* AddVacationViewController.swift */; };
		700E46E31AA43C0800A5B750 /* VacationListTableViewController.swift in Sources */ = {isa = PBXBuildFile; fileRef = 700E46E21AA43C0800A5B750 /* VacationListTableViewController.swift */; };
		700E46E51AA43C7500A5B750 /* Vacation.swift in Sources */ = {isa = PBXBuildFile; fileRef = 700E46E41AA43C7500A5B750 /* Vacation.swift */; };
/* End PBXBuildFile section */

/* Begin PBXContainerItemProxy section */
		700E46CF1AA4376000A5B750 /* PBXContainerItemProxy */ = {
			isa = PBXContainerItemProxy;
			containerPortal = 700E46B11AA4376000A5B750 /* Project object */;
			proxyType = 1;
			remoteGlobalIDString = 700E46B81AA4376000A5B750;
			remoteInfo = vacation3th;
		};
/* End PBXContainerItemProxy section */

/* Begin PBXFileReference section */
		700E46B91AA4376000A5B750 /* vacation3th.app */ = {isa = PBXFileReference; explicitFileType = wrapper.application; includeInIndex = 0; path = vacation3th.app; sourceTree = BUILT_PRODUCTS_DIR; };
		700E46BD1AA4376000A5B750 /* Info.plist */ = {isa = PBXFileReference; lastKnownFileType = text.plist.xml; path = Info.plist; sourceTree = "<group>"; };
		700E46BE1AA4376000A5B750 /* AppDelegate.swift */ = {isa = PBXFileReference; lastKnownFileType = sourcecode.swift; path = AppDelegate.swift; sourceTree = "<group>"; };
		700E46C01AA4376000A5B750 /* ViewController.swift */ = {isa = PBXFileReference; lastKnownFileType = sourcecode.swift; path = ViewController.swift; sourceTree = "<group>"; };
		700E46C31AA4376000A5B750 /* Base */ = {isa = PBXFileReference; lastKnownFileType = file.storyboard; name = Base; path = Base.lproj/Main.storyboard; sourceTree = "<group>"; };
		700E46C51AA4376000A5B750 /* Images.xcassets */ = {isa = PBXFileReference; lastKnownFileType = folder.assetcatalog; path = Images.xcassets; sourceTree = "<group>"; };
		700E46C81AA4376000A5B750 /* Base */ = {isa = PBXFileReference; lastKnownFileType = file.xib; name = Base; path = Base.lproj/LaunchScreen.xib; sourceTree = "<group>"; };
		700E46CE1AA4376000A5B750 /* vacation3thTests.xctest */ = {isa = PBXFileReference; explicitFileType = wrapper.cfbundle; includeInIndex = 0; path = vacation3thTests.xctest; sourceTree = BUILT_PRODUCTS_DIR; };
		700E46D31AA4376000A5B750 /* Info.plist */ = {isa = PBXFileReference; lastKnownFileType = text.plist.xml; path = Info.plist; sourceTree = "<group>"; };
		700E46D41AA4376000A5B750 /* vacation3thTests.swift */ = {isa = PBXFileReference; lastKnownFileType = sourcecode.swift; path = vacation3thTests.swift; sourceTree = "<group>"; };
		700E46E01AA43BD400A5B750 /* AddVacationViewController.swift */ = {isa = PBXFileReference; fileEncoding = 4; lastKnownFileType = sourcecode.swift; path = AddVacationViewController.swift; sourceTree = "<group>"; };
		700E46E21AA43C0800A5B750 /* VacationListTableViewController.swift */ = {isa = PBXFileReference; fileEncoding = 4; lastKnownFileType = sourcecode.swift; path = VacationListTableViewController.swift; sourceTree = "<group>"; };
		700E46E41AA43C7500A5B750 /* Vacation.swift */ = {isa = PBXFileReference; fileEncoding = 4; lastKnownFileType = sourcecode.swift; path = Vacation.swift; sourceTree = "<group>"; };
/* End PBXFileReference section */

/* Begin PBXFrameworksBuildPhase section */
		700E46B61AA4376000A5B750 /* Frameworks */ = {
			isa = PBXFrameworksBuildPhase;
			buildActionMask = 2147483647;
			files = (
			);
			runOnlyForDeploymentPostprocessing = 0;
		};
		700E46CB1AA4376000A5B750 /* Frameworks */ = {
			isa = PBXFrameworksBuildPhase;
			buildActionMask = 2147483647;
			files = (
			);
			runOnlyForDeploymentPostprocessing = 0;
		};
/* End PBXFrameworksBuildPhase section */

/* Begin PBXGroup section */
		700E46B01AA4376000A5B750 = {
			isa = PBXGroup;
			children = (
				700E46BB1AA4376000A5B750 /* vacation3th */,
				700E46D11AA4376000A5B750 /* vacation3thTests */,
				700E46BA1AA4376000A5B750 /* Products */,
			);
			sourceTree = "<group>";
		};
		700E46BA1AA4376000A5B750 /* Products */ = {
			isa = PBXGroup;
			children = (
				700E46B91AA4376000A5B750 /* vacation3th.app */,
				700E46CE1AA4376000A5B750 /* vacation3thTests.xctest */,
			);
			name = Products;
			sourceTree = "<group>";
		};
		700E46BB1AA4376000A5B750 /* vacation3th */ = {
			isa = PBXGroup;
			children = (
				700E46BE1AA4376000A5B750 /* AppDelegate.swift */,
				700E46E01AA43BD400A5B750 /* AddVacationViewController.swift */,
				700E46E21AA43C0800A5B750 /* VacationListTableViewController.swift */,
				700E46E41AA43C7500A5B750 /* Vacation.swift */,
				700E46C01AA4376000A5B750 /* ViewController.swift */,
				700E46C21AA4376000A5B750 /* Main.storyboard */,
				700E46C51AA4376000A5B750 /* Images.xcassets */,
				700E46C71AA4376000A5B750 /* LaunchScreen.xib */,
				700E46BC1AA4376000A5B750 /* Supporting Files */,
			);
			path = vacation3th;
			sourceTree = "<group>";
		};
		700E46BC1AA4376000A5B750 /* Supporting Files */ = {
			isa = PBXGroup;
			children = (
				700E46BD1AA4376000A5B750 /* Info.plist */,
			);
			name = "Supporting Files";
			sourceTree = "<group>";
		};
		700E46D11AA4376000A5B750 /* vacation3thTests */ = {
			isa = PBXGroup;
			children = (
				700E46D41AA4376000A5B750 /* vacation3thTests.swift */,
				700E46D21AA4376000A5B750 /* Supporting Files */,
			);
			path = vacation3thTests;
			sourceTree = "<group>";
		};
		700E46D21AA4376000A5B750 /* Supporting Files */ = {
			isa = PBXGroup;
			children = (
				700E46D31AA4376000A5B750 /* Info.plist */,
			);
			name = "Supporting Files";
			sourceTree = "<group>";
		};
/* End PBXGroup section */

/* Begin PBXNativeTarget section */
		700E46B81AA4376000A5B750 /* vacation3th */ = {
			isa = PBXNativeTarget;
			buildConfigurationList = 700E46D81AA4376000A5B750 /* Build configuration list for PBXNativeTarget "vacation3th" */;
			buildPhases = (
				700E46B51AA4376000A5B750 /* Sources */,
				700E46B61AA4376000A5B750 /* Frameworks */,
				700E46B71AA4376000A5B750 /* Resources */,
			);
			buildRules = (
			);
			dependencies = (
			);
			name = vacation3th;
			productName = vacation3th;
			productReference = 700E46B91AA4376000A5B750 /* vacation3th.app */;
			productType = "com.apple.product-type.application";
		};
		700E46CD1AA4376000A5B750 /* vacation3thTests */ = {
			isa = PBXNativeTarget;
			buildConfigurationList = 700E46DB1AA4376000A5B750 /* Build configuration list for PBXNativeTarget "vacation3thTests" */;
			buildPhases = (
				700E46CA1AA4376000A5B750 /* Sources */,
				700E46CB1AA4376000A5B750 /* Frameworks */,
				700E46CC1AA4376000A5B750 /* Resources */,
			);
			buildRules = (
			);
			dependencies = (
				700E46D01AA4376000A5B750 /* PBXTargetDependency */,
			);
			name = vacation3thTests;
			productName = vacation3thTests;
			productReference = 700E46CE1AA4376000A5B750 /* vacation3thTests.xctest */;
			productType = "com.apple.product-type.bundle.unit-test";
		};
/* End PBXNativeTarget section */

/* Begin PBXProject section */
		700E46B11AA4376000A5B750 /* Project object */ = {
			isa = PBXProject;
			attributes = {
				LastUpgradeCheck = 0610;
				ORGANIZATIONNAME = foryoo;
				TargetAttributes = {
					700E46B81AA4376000A5B750 = {
						CreatedOnToolsVersion = 6.1;
					};
					700E46CD1AA4376000A5B750 = {
						CreatedOnToolsVersion = 6.1;
						TestTargetID = 700E46B81AA4376000A5B750;
					};
				};
			};
			buildConfigurationList = 700E46B41AA4376000A5B750 /* Build configuration list for PBXProject "vacation3th" */;
			compatibilityVersion = "Xcode 3.2";
			developmentRegion = English;
			hasScannedForEncodings = 0;
			knownRegions = (
				en,
				Base,
			);
			mainGroup = 700E46B01AA4376000A5B750;
			productRefGroup = 700E46BA1AA4376000A5B750 /* Products */;
			projectDirPath = "";
			projectRoot = "";
			targets = (
				700E46B81AA4376000A5B750 /* vacation3th */,
				700E46CD1AA4376000A5B750 /* vacation3thTests */,
			);
		};
/* End PBXProject section */

/* Begin PBXResourcesBuildPhase section */
		700E46B71AA4376000A5B750 /* Resources */ = {
			isa = PBXResourcesBuildPhase;
			buildActionMask = 2147483647;
			files = (
				700E46C41AA4376000A5B750 /* Main.storyboard in Resources */,
				700E46C91AA4376000A5B750 /* LaunchScreen.xib in Resources */,
				700E46C61AA4376000A5B750 /* Images.xcassets in Resources */,
			);
			runOnlyForDeploymentPostprocessing = 0;
		};
		700E46CC1AA4376000A5B750 /* Resources */ = {
			isa = PBXResourcesBuildPhase;
			buildActionMask = 2147483647;
			files = (
			);
			runOnlyForDeploymentPostprocessing = 0;
		};
/* End PBXResourcesBuildPhase section */

/* Begin PBXSourcesBuildPhase section */
		700E46B51AA4376000A5B750 /* Sources */ = {
			isa = PBXSourcesBuildPhase;
			buildActionMask = 2147483647;
			files = (
				700E46E51AA43C7500A5B750 /* Vacation.swift in Sources */,
				700E46E31AA43C0800A5B750 /* VacationListTableViewController.swift in Sources */,
				700E46C11AA4376000A5B750 /* ViewController.swift in Sources */,
				700E46BF1AA4376000A5B750 /* AppDelegate.swift in Sources */,
				700E46E11AA43BD400A5B750 /* AddVacationViewController.swift in Sources */,
			);
			runOnlyForDeploymentPostprocessing = 0;
		};
		700E46CA1AA4376000A5B750 /* Sources */ = {
			isa = PBXSourcesBuildPhase;
			buildActionMask = 2147483647;
			files = (
				700E46D51AA4376000A5B750 /* vacation3thTests.swift in Sources */,
			);
			runOnlyForDeploymentPostprocessing = 0;
		};
/* End PBXSourcesBuildPhase section */

/* Begin PBXTargetDependency section */
		700E46D01AA4376000A5B750 /* PBXTargetDependency */ = {
			isa = PBXTargetDependency;
			target = 700E46B81AA4376000A5B750 /* vacation3th */;
			targetProxy = 700E46CF1AA4376000A5B750 /* PBXContainerItemProxy */;
		};
/* End PBXTargetDependency section */

/* Begin PBXVariantGroup section */
		700E46C21AA4376000A5B750 /* Main.storyboard */ = {
			isa = PBXVariantGroup;
			children = (
				700E46C31AA4376000A5B750 /* Base */,
			);
			name = Main.storyboard;
			sourceTree = "<group>";
		};
		700E46C71AA4376000A5B750 /* LaunchScreen.xib */ = {
			isa = PBXVariantGroup;
			children = (
				700E46C81AA4376000A5B750 /* Base */,
			);
			name = LaunchScreen.xib;
			sourceTree = "<group>";
		};
/* End PBXVariantGroup section */

/* Begin XCBuildConfiguration section */
		700E46D61AA4376000A5B750 /* Debug */ = {
			isa = XCBuildConfiguration;
			buildSettings = {
				ALWAYS_SEARCH_USER_PATHS = NO;
				CLANG_CXX_LANGUAGE_STANDARD = "gnu++0x";
				CLANG_CXX_LIBRARY = "libc++";
				CLANG_ENABLE_MODULES = YES;
				CLANG_ENABLE_OBJC_ARC = YES;
				CLANG_WARN_BOOL_CONVERSION = YES;
				CLANG_WARN_CONSTANT_CONVERSION = YES;
				CLANG_WARN_DIRECT_OBJC_ISA_USAGE = YES_ERROR;
				CLANG_WARN_EMPTY_BODY = YES;
				CLANG_WARN_ENUM_CONVERSION = YES;
				CLANG_WARN_INT_CONVERSION = YES;
				CLANG_WARN_OBJC_ROOT_CLASS = YES_ERROR;
				CLANG_WARN_UNREACHABLE_CODE = YES;
				CLANG_WARN__DUPLICATE_METHOD_MATCH = YES;
				"CODE_SIGN_IDENTITY[sdk=iphoneos*]" = "iPhone Developer";
				COPY_PHASE_STRIP = NO;
				ENABLE_STRICT_OBJC_MSGSEND = YES;
				GCC_C_LANGUAGE_STANDARD = gnu99;
				GCC_DYNAMIC_NO_PIC = NO;
				GCC_OPTIMIZATION_LEVEL = 0;
				GCC_PREPROCESSOR_DEFINITIONS = (
					"DEBUG=1",
					"$(inherited)",
				);
				GCC_SYMBOLS_PRIVATE_EXTERN = NO;
				GCC_WARN_64_TO_32_BIT_CONVERSION = YES;
				GCC_WARN_ABOUT_RETURN_TYPE = YES_ERROR;
				GCC_WARN_UNDECLARED_SELECTOR = YES;
				GCC_WARN_UNINITIALIZED_AUTOS = YES_AGGRESSIVE;
				GCC_WARN_UNUSED_FUNCTION = YES;
				GCC_WARN_UNUSED_VARIABLE = YES;
				IPHONEOS_DEPLOYMENT_TARGET = 8.1;
				MTL_ENABLE_DEBUG_INFO = YES;
				ONLY_ACTIVE_ARCH = YES;
				SDKROOT = iphoneos;
				SWIFT_OPTIMIZATION_LEVEL = "-Onone";
				TARGETED_DEVICE_FAMILY = "1,2";
			};
			name = Debug;
		};
		700E46D71AA4376000A5B750 /* Release */ = {
			isa = XCBuildConfiguration;
			buildSettings = {
				ALWAYS_SEARCH_USER_PATHS = NO;
				CLANG_CXX_LANGUAGE_STANDARD = "gnu++0x";
				CLANG_CXX_LIBRARY = "libc++";
				CLANG_ENABLE_MODULES = YES;
				CLANG_ENABLE_OBJC_ARC = YES;
				CLANG_WARN_BOOL_CONVERSION = YES;
				CLANG_WARN_CONSTANT_CONVERSION = YES;
				CLANG_WARN_DIRECT_OBJC_ISA_USAGE = YES_ERROR;
				CLANG_WARN_EMPTY_BODY = YES;
				CLANG_WARN_ENUM_CONVERSION = YES;
				CLANG_WARN_INT_CONVERSION = YES;
				CLANG_WARN_OBJC_ROOT_CLASS = YES_ERROR;
				CLANG_WARN_UNREACHABLE_CODE = YES;
				CLANG_WARN__DUPLICATE_METHOD_MATCH = YES;
				"CODE_SIGN_IDENTITY[sdk=iphoneos*]" = "iPhone Developer";
				COPY_PHASE_STRIP = YES;
				ENABLE_NS_ASSERTIONS = NO;
				ENABLE_STRICT_OBJC_MSGSEND = YES;
				GCC_C_LANGUAGE_STANDARD = gnu99;
				GCC_WARN_64_TO_32_BIT_CONVERSION = YES;
				GCC_WARN_ABOUT_RETURN_TYPE = YES_ERROR;
				GCC_WARN_UNDECLARED_SELECTOR = YES;
				GCC_WARN_UNINITIALIZED_AUTOS = YES_AGGRESSIVE;
				GCC_WARN_UNUSED_FUNCTION = YES;
				GCC_WARN_UNUSED_VARIABLE = YES;
				IPHONEOS_DEPLOYMENT_TARGET = 8.1;
				MTL_ENABLE_DEBUG_INFO = NO;
				SDKROOT = iphoneos;
				TARGETED_DEVICE_FAMILY = "1,2";
				VALIDATE_PRODUCT = YES;
			};
			name = Release;
		};
		700E46D91AA4376000A5B750 /* Debug */ = {
			isa = XCBuildConfiguration;
			buildSettings = {
				ASSETCATALOG_COMPILER_APPICON_NAME = AppIcon;
				INFOPLIST_FILE = vacation3th/Info.plist;
				LD_RUNPATH_SEARCH_PATHS = "$(inherited) @executable_path/Frameworks";
				PRODUCT_NAME = "$(TARGET_NAME)";
			};
			name = Debug;
		};
		700E46DA1AA4376000A5B750 /* Release */ = {
			isa = XCBuildConfiguration;
			buildSettings = {
				ASSETCATALOG_COMPILER_APPICON_NAME = AppIcon;
				INFOPLIST_FILE = vacation3th/Info.plist;
				LD_RUNPATH_SEARCH_PATHS = "$(inherited) @executable_path/Frameworks";
				PRODUCT_NAME = "$(TARGET_NAME)";
			};
			name = Release;
		};
		700E46DC1AA4376000A5B750 /* Debug */ = {
			isa = XCBuildConfiguration;
			buildSettings = {
				BUNDLE_LOADER = "$(TEST_HOST)";
				FRAMEWORK_SEARCH_PATHS = (
					"$(SDKROOT)/Developer/Library/Frameworks",
					"$(inherited)",
				);
				GCC_PREPROCESSOR_DEFINITIONS = (
					"DEBUG=1",
					"$(inherited)",
				);
				INFOPLIST_FILE = vacation3thTests/Info.plist;
				LD_RUNPATH_SEARCH_PATHS = "$(inherited) @executable_path/Frameworks @loader_path/Frameworks";
				PRODUCT_NAME = "$(TARGET_NAME)";
				TEST_HOST = "$(BUILT_PRODUCTS_DIR)/vacation3th.app/vacation3th";
			};
			name = Debug;
		};
		700E46DD1AA4376000A5B750 /* Release */ = {
			isa = XCBuildConfiguration;
			buildSettings = {
				BUNDLE_LOADER = "$(TEST_HOST)";
				FRAMEWORK_SEARCH_PATHS = (
					"$(SDKROOT)/Developer/Library/Frameworks",
					"$(inherited)",
				);
				INFOPLIST_FILE = vacation3thTests/Info.plist;
				LD_RUNPATH_SEARCH_PATHS = "$(inherited) @executable_path/Frameworks @loader_path/Frameworks";
				PRODUCT_NAME = "$(TARGET_NAME)";
				TEST_HOST = "$(BUILT_PRODUCTS_DIR)/vacation3th.app/vacation3th";
			};
			name = Release;
		};
/* End XCBuildConfiguration section */

/* Begin XCConfigurationList section */
		700E46B41AA4376000A5B750 /* Build configuration list for PBXProject "vacation3th" */ = {
			isa = XCConfigurationList;
			buildConfigurations = (
				700E46D61AA4376000A5B750 /* Debug */,
				700E46D71AA4376000A5B750 /* Release */,
			);
			defaultConfigurationIsVisible = 0;
			defaultConfigurationName = Release;
		};
		700E46D81AA4376000A5B750 /* Build configuration list for PBXNativeTarget "vacation3th" */ = {
			isa = XCConfigurationList;
			buildConfigurations = (
				700E46D91AA4376000A5B750 /* Debug */,
				700E46DA1AA4376000A5B750 /* Release */,
			);
			defaultConfigurationIsVisible = 0;
		};
		700E46DB1AA4376000A5B750 /* Build configuration list for PBXNativeTarget "vacation3thTests" */ = {
			isa = XCConfigurationList;
			buildConfigurations = (
				700E46DC1AA4376000A5B750 /* Debug */,
				700E46DD1AA4376000A5B750 /* Release */,
			);
			defaultConfigurationIsVisible = 0;
		};
/* End XCConfigurationList section */
	};
	rootObject = 700E46B11AA4376000A5B750 /* Project object */;
}
